// !$*UTF8*$!
{
	archiveVersion = 1;
	classes = {
	};
	objectVersion = 50;
	objects = {

/* Begin PBXBuildFile section */
		AF78217F2232CC6100DDEF72 /* AppDelegate.swift in Sources */ = {isa = PBXBuildFile; fileRef = AF78217E2232CC6100DDEF72 /* AppDelegate.swift */; };
		AF7821842232CC6100DDEF72 /* Main.storyboard in Resources */ = {isa = PBXBuildFile; fileRef = AF7821822232CC6100DDEF72 /* Main.storyboard */; };
		AF7821862232CC6300DDEF72 /* Assets.xcassets in Resources */ = {isa = PBXBuildFile; fileRef = AF7821852232CC6300DDEF72 /* Assets.xcassets */; };
		AF7821892232CC6300DDEF72 /* LaunchScreen.storyboard in Resources */ = {isa = PBXBuildFile; fileRef = AF7821872232CC6300DDEF72 /* LaunchScreen.storyboard */; };
		AF7821952232CDE900DDEF72 /* Note.swift in Sources */ = {isa = PBXBuildFile; fileRef = AF7821942232CDE900DDEF72 /* Note.swift */; };
		AF78219C2232CF7C00DDEF72 /* NoteController.swift in Sources */ = {isa = PBXBuildFile; fileRef = AF78219B2232CF7C00DDEF72 /* NoteController.swift */; };
		AF78219E2232CF9800DDEF72 /* NoteTableViewController.swift in Sources */ = {isa = PBXBuildFile; fileRef = AF78219D2232CF9800DDEF72 /* NoteTableViewController.swift */; };
		AF7821A02232D74A00DDEF72 /* DetailViewController.swift in Sources */ = {isa = PBXBuildFile; fileRef = AF78219F2232D74A00DDEF72 /* DetailViewController.swift */; };
/* End PBXBuildFile section */

/* Begin PBXFileReference section */
		AF78217B2232CC6100DDEF72 /* Notebook.app */ = {isa = PBXFileReference; explicitFileType = wrapper.application; includeInIndex = 0; path = Notebook.app; sourceTree = BUILT_PRODUCTS_DIR; };
		AF78217E2232CC6100DDEF72 /* AppDelegate.swift */ = {isa = PBXFileReference; lastKnownFileType = sourcecode.swift; path = AppDelegate.swift; sourceTree = "<group>"; };
		AF7821832232CC6100DDEF72 /* Base */ = {isa = PBXFileReference; lastKnownFileType = file.storyboard; name = Base; path = Base.lproj/Main.storyboard; sourceTree = "<group>"; };
		AF7821852232CC6300DDEF72 /* Assets.xcassets */ = {isa = PBXFileReference; lastKnownFileType = folder.assetcatalog; path = Assets.xcassets; sourceTree = "<group>"; };
		AF7821882232CC6300DDEF72 /* Base */ = {isa = PBXFileReference; lastKnownFileType = file.storyboard; name = Base; path = Base.lproj/LaunchScreen.storyboard; sourceTree = "<group>"; };
		AF78218A2232CC6300DDEF72 /* Info.plist */ = {isa = PBXFileReference; lastKnownFileType = text.plist.xml; path = Info.plist; sourceTree = "<group>"; };
		AF7821942232CDE900DDEF72 /* Note.swift */ = {isa = PBXFileReference; lastKnownFileType = sourcecode.swift; path = Note.swift; sourceTree = "<group>"; };
		AF78219B2232CF7C00DDEF72 /* NoteController.swift */ = {isa = PBXFileReference; lastKnownFileType = sourcecode.swift; path = NoteController.swift; sourceTree = "<group>"; };
		AF78219D2232CF9800DDEF72 /* NoteTableViewController.swift */ = {isa = PBXFileReference; lastKnownFileType = sourcecode.swift; path = NoteTableViewController.swift; sourceTree = "<group>"; };
		AF78219F2232D74A00DDEF72 /* DetailViewController.swift */ = {isa = PBXFileReference; lastKnownFileType = sourcecode.swift; path = DetailViewController.swift; sourceTree = "<group>"; };
/* End PBXFileReference section */

/* Begin PBXFrameworksBuildPhase section */
		AF7821782232CC6100DDEF72 /* Frameworks */ = {
			isa = PBXFrameworksBuildPhase;
			buildActionMask = 2147483647;
			files = (
			);
			runOnlyForDeploymentPostprocessing = 0;
		};
/* End PBXFrameworksBuildPhase section */

/* Begin PBXGroup section */
		AF7821722232CC6100DDEF72 = {
			isa = PBXGroup;
			children = (
				AF78217E2232CC6100DDEF72 /* AppDelegate.swift */,
				AF78219A2232CE2300DDEF72 /* Resources */,
				AF7821992232CE1A00DDEF72 /* Storyboards */,
				AF7821982232CE0F00DDEF72 /* View Controller */,
				AF7821972232CE0300DDEF72 /* Model Controller */,
				AF7821962232CDFB00DDEF72 /* Model */,
				AF7821942232CDE900DDEF72 /* Note.swift */,
				AF78217D2232CC6100DDEF72 /* Notebook */,
				AF78217C2232CC6100DDEF72 /* Products */,
			);
			sourceTree = "<group>";
		};
		AF78217C2232CC6100DDEF72 /* Products */ = {
			isa = PBXGroup;
			children = (
				AF78217B2232CC6100DDEF72 /* Notebook.app */,
			);
			name = Products;
			sourceTree = "<group>";
		};
		AF78217D2232CC6100DDEF72 /* Notebook */ = {
			isa = PBXGroup;
			children = (
			);
			path = Notebook;
			sourceTree = "<group>";
		};
		AF7821962232CDFB00DDEF72 /* Model */ = {
			isa = PBXGroup;
			children = (
			);
			path = Model;
			sourceTree = "<group>";
		};
		AF7821972232CE0300DDEF72 /* Model Controller */ = {
			isa = PBXGroup;
			children = (
				AF78219B2232CF7C00DDEF72 /* NoteController.swift */,
			);
			path = "Model Controller";
			sourceTree = "<group>";
		};
		AF7821982232CE0F00DDEF72 /* View Controller */ = {
			isa = PBXGroup;
			children = (
				AF78219D2232CF9800DDEF72 /* NoteTableViewController.swift */,
				AF78219F2232D74A00DDEF72 /* DetailViewController.swift */,
			);
			path = "View Controller";
			sourceTree = "<group>";
		};
		AF7821992232CE1A00DDEF72 /* Storyboards */ = {
			isa = PBXGroup;
			children = (
				AF7821822232CC6100DDEF72 /* Main.storyboard */,
			);
			path = Storyboards;
			sourceTree = "<group>";
		};
		AF78219A2232CE2300DDEF72 /* Resources */ = {
			isa = PBXGroup;
			children = (
				AF7821852232CC6300DDEF72 /* Assets.xcassets */,
				AF7821872232CC6300DDEF72 /* LaunchScreen.storyboard */,
				AF78218A2232CC6300DDEF72 /* Info.plist */,
			);
			path = Resources;
			sourceTree = "<group>";
		};
/* End PBXGroup section */

/* Begin PBXNativeTarget section */
		AF78217A2232CC6100DDEF72 /* Notebook */ = {
			isa = PBXNativeTarget;
			buildConfigurationList = AF78218D2232CC6300DDEF72 /* Build configuration list for PBXNativeTarget "Notebook" */;
			buildPhases = (
				AF7821772232CC6100DDEF72 /* Sources */,
				AF7821782232CC6100DDEF72 /* Frameworks */,
				AF7821792232CC6100DDEF72 /* Resources */,
			);
			buildRules = (
			);
			dependencies = (
			);
			name = Notebook;
			productName = Notebook;
			productReference = AF78217B2232CC6100DDEF72 /* Notebook.app */;
			productType = "com.apple.product-type.application";
		};
/* End PBXNativeTarget section */

/* Begin PBXProject section */
		AF7821732232CC6100DDEF72 /* Project object */ = {
			isa = PBXProject;
			attributes = {
				LastSwiftUpdateCheck = 1010;
				LastUpgradeCheck = 1010;
				ORGANIZATIONNAME = "Colin Smith";
				TargetAttributes = {
					AF78217A2232CC6100DDEF72 = {
						CreatedOnToolsVersion = 10.1;
					};
				};
			};
			buildConfigurationList = AF7821762232CC6100DDEF72 /* Build configuration list for PBXProject "Notebook" */;
			compatibilityVersion = "Xcode 9.3";
			developmentRegion = en;
			hasScannedForEncodings = 0;
			knownRegions = (
				en,
				Base,
			);
			mainGroup = AF7821722232CC6100DDEF72;
			productRefGroup = AF78217C2232CC6100DDEF72 /* Products */;
			projectDirPath = "";
			projectRoot = "";
			targets = (
				AF78217A2232CC6100DDEF72 /* Notebook */,
			);
		};
/* End PBXProject section */

/* Begin PBXResourcesBuildPhase section */
		AF7821792232CC6100DDEF72 /* Resources */ = {
			isa = PBXResourcesBuildPhase;
			buildActionMask = 2147483647;
			files = (
				AF7821892232CC6300DDEF72 /* LaunchScreen.storyboard in Resources */,
				AF7821862232CC6300DDEF72 /* Assets.xcassets in Resources */,
				AF7821842232CC6100DDEF72 /* Main.storyboard in Resources */,
			);
			runOnlyForDeploymentPostprocessing = 0;
		};
/* End PBXResourcesBuildPhase section */

/* Begin PBXSourcesBuildPhase section */
		AF7821772232CC6100DDEF72 /* Sources */ = {
			isa = PBXSourcesBuildPhase;
			buildActionMask = 2147483647;
			files = (
				AF78217F2232CC6100DDEF72 /* AppDelegate.swift in Sources */,
				AF78219E2232CF9800DDEF72 /* NoteTableViewController.swift in Sources */,
				AF7821A02232D74A00DDEF72 /* DetailViewController.swift in Sources */,
				AF78219C2232CF7C00DDEF72 /* NoteController.swift in Sources */,
				AF7821952232CDE900DDEF72 /* Note.swift in Sources */,
			);
			runOnlyForDeploymentPostprocessing = 0;
		};
/* End PBXSourcesBuildPhase section */

/* Begin PBXVariantGroup section */
		AF7821822232CC6100DDEF72 /* Main.storyboard */ = {
			isa = PBXVariantGroup;
			children = (
				AF7821832232CC6100DDEF72 /* Base */,
			);
			name = Main.storyboard;
			sourceTree = "<group>";
		};
		AF7821872232CC6300DDEF72 /* LaunchScreen.storyboard */ = {
			isa = PBXVariantGroup;
			children = (
				AF7821882232CC6300DDEF72 /* Base */,
			);
			name = LaunchScreen.storyboard;
			sourceTree = "<group>";
		};
/* End PBXVariantGroup section */

/* Begin XCBuildConfiguration section */
		AF78218B2232CC6300DDEF72 /* Debug */ = {
			isa = XCBuildConfiguration;
			buildSettings = {
				ALWAYS_SEARCH_USER_PATHS = NO;
				CLANG_ANALYZER_NONNULL = YES;
				CLANG_ANALYZER_NUMBER_OBJECT_CONVERSION = YES_AGGRESSIVE;
				CLANG_CXX_LANGUAGE_STANDARD = "gnu++14";
				CLANG_CXX_LIBRARY = "libc++";
				CLANG_ENABLE_MODULES = YES;
				CLANG_ENABLE_OBJC_ARC = YES;
				CLANG_ENABLE_OBJC_WEAK = YES;
				CLANG_WARN_BLOCK_CAPTURE_AUTORELEASING = YES;
				CLANG_WARN_BOOL_CONVERSION = YES;
				CLANG_WARN_COMMA = YES;
				CLANG_WARN_CONSTANT_CONVERSION = YES;
				CLANG_WARN_DEPRECATED_OBJC_IMPLEMENTATIONS = YES;
				CLANG_WARN_DIRECT_OBJC_ISA_USAGE = YES_ERROR;
				CLANG_WARN_DOCUMENTATION_COMMENTS = YES;
				CLANG_WARN_EMPTY_BODY = YES;
				CLANG_WARN_ENUM_CONVERSION = YES;
				CLANG_WARN_INFINITE_RECURSION = YES;
				CLANG_WARN_INT_CONVERSION = YES;
				CLANG_WARN_NON_LITERAL_NULL_CONVERSION = YES;
				CLANG_WARN_OBJC_IMPLICIT_RETAIN_SELF = YES;
				CLANG_WARN_OBJC_LITERAL_CONVERSION = YES;
				CLANG_WARN_OBJC_ROOT_CLASS = YES_ERROR;
				CLANG_WARN_RANGE_LOOP_ANALYSIS = YES;
				CLANG_WARN_STRICT_PROTOTYPES = YES;
				CLANG_WARN_SUSPICIOUS_MOVE = YES;
				CLANG_WARN_UNGUARDED_AVAILABILITY = YES_AGGRESSIVE;
				CLANG_WARN_UNREACHABLE_CODE = YES;
				CLANG_WARN__DUPLICATE_METHOD_MATCH = YES;
				CODE_SIGN_IDENTITY = "iPhone Developer";
				COPY_PHASE_STRIP = NO;
				DEBUG_INFORMATION_FORMAT = dwarf;
				ENABLE_STRICT_OBJC_MSGSEND = YES;
				ENABLE_TESTABILITY = YES;
				GCC_C_LANGUAGE_STANDARD = gnu11;
				GCC_DYNAMIC_NO_PIC = NO;
				GCC_NO_COMMON_BLOCKS = YES;
				GCC_OPTIMIZATION_LEVEL = 0;
				GCC_PREPROCESSOR_DEFINITIONS = (
					"DEBUG=1",
					"$(inherited)",
				);
				GCC_WARN_64_TO_32_BIT_CONVERSION = YES;
				GCC_WARN_ABOUT_RETURN_TYPE = YES_ERROR;
				GCC_WARN_UNDECLARED_SELECTOR = YES;
				GCC_WARN_UNINITIALIZED_AUTOS = YES_AGGRESSIVE;
				GCC_WARN_UNUSED_FUNCTION = YES;
				GCC_WARN_UNUSED_VARIABLE = YES;
				IPHONEOS_DEPLOYMENT_TARGET = 12.1;
				MTL_ENABLE_DEBUG_INFO = INCLUDE_SOURCE;
				MTL_FAST_MATH = YES;
				ONLY_ACTIVE_ARCH = YES;
				SDKROOT = iphoneos;
				SWIFT_ACTIVE_COMPILATION_CONDITIONS = DEBUG;
				SWIFT_OPTIMIZATION_LEVEL = "-Onone";
			};
			name = Debug;
		};
		AF78218C2232CC6300DDEF72 /* Release */ = {
			isa = XCBuildConfiguration;
			buildSettings = {
				ALWAYS_SEARCH_USER_PATHS = NO;
				CLANG_ANALYZER_NONNULL = YES;
				CLANG_ANALYZER_NUMBER_OBJECT_CONVERSION = YES_AGGRESSIVE;
				CLANG_CXX_LANGUAGE_STANDARD = "gnu++14";
				CLANG_CXX_LIBRARY = "libc++";
				CLANG_ENABLE_MODULES = YES;
				CLANG_ENABLE_OBJC_ARC = YES;
				CLANG_ENABLE_OBJC_WEAK = YES;
				CLANG_WARN_BLOCK_CAPTURE_AUTORELEASING = YES;
				CLANG_WARN_BOOL_CONVERSION = YES;
				CLANG_WARN_COMMA = YES;
				CLANG_WARN_CONSTANT_CONVERSION = YES;
				CLANG_WARN_DEPRECATED_OBJC_IMPLEMENTATIONS = YES;
				CLANG_WARN_DIRECT_OBJC_ISA_USAGE = YES_ERROR;
				CLANG_WARN_DOCUMENTATION_COMMENTS = YES;
				CLANG_WARN_EMPTY_BODY = YES;
				CLANG_WARN_ENUM_CONVERSION = YES;
				CLANG_WARN_INFINITE_RECURSION = YES;
				CLANG_WARN_INT_CONVERSION = YES;
				CLANG_WARN_NON_LITERAL_NULL_CONVERSION = YES;
				CLANG_WARN_OBJC_IMPLICIT_RETAIN_SELF = YES;
				CLANG_WARN_OBJC_LITERAL_CONVERSION = YES;
				CLANG_WARN_OBJC_ROOT_CLASS = YES_ERROR;
				CLANG_WARN_RANGE_LOOP_ANALYSIS = YES;
				CLANG_WARN_STRICT_PROTOTYPES = YES;
				CLANG_WARN_SUSPICIOUS_MOVE = YES;
				CLANG_WARN_UNGUARDED_AVAILABILITY = YES_AGGRESSIVE;
				CLANG_WARN_UNREACHABLE_CODE = YES;
				CLANG_WARN__DUPLICATE_METHOD_MATCH = YES;
				CODE_SIGN_IDENTITY = "iPhone Developer";
				COPY_PHASE_STRIP = NO;
				DEBUG_INFORMATION_FORMAT = "dwarf-with-dsym";
				ENABLE_NS_ASSERTIONS = NO;
				ENABLE_STRICT_OBJC_MSGSEND = YES;
				GCC_C_LANGUAGE_STANDARD = gnu11;
				GCC_NO_COMMON_BLOCKS = YES;
				GCC_WARN_64_TO_32_BIT_CONVERSION = YES;
				GCC_WARN_ABOUT_RETURN_TYPE = YES_ERROR;
				GCC_WARN_UNDECLARED_SELECTOR = YES;
				GCC_WARN_UNINITIALIZED_AUTOS = YES_AGGRESSIVE;
				GCC_WARN_UNUSED_FUNCTION = YES;
				GCC_WARN_UNUSED_VARIABLE = YES;
				IPHONEOS_DEPLOYMENT_TARGET = 12.1;
				MTL_ENABLE_DEBUG_INFO = NO;
				MTL_FAST_MATH = YES;
				SDKROOT = iphoneos;
				SWIFT_COMPILATION_MODE = wholemodule;
				SWIFT_OPTIMIZATION_LEVEL = "-O";
				VALIDATE_PRODUCT = YES;
			};
			name = Release;
		};
		AF78218E2232CC6300DDEF72 /* Debug */ = {
			isa = XCBuildConfiguration;
			buildSettings = {
				ASSETCATALOG_COMPILER_APPICON_NAME = AppIcon;
				CODE_SIGN_STYLE = Automatic;
				DEVELOPMENT_TEAM = 2779EQ3QB6;
				INFOPLIST_FILE = "$(SRCROOT)/Resources/Info.plist";
				LD_RUNPATH_SEARCH_PATHS = (
					"$(inherited)",
					"@executable_path/Frameworks",
				);
				PRODUCT_BUNDLE_IDENTIFIER = com.colinsmith.Notebook;
				PRODUCT_NAME = "$(TARGET_NAME)";
				SWIFT_VERSION = 4.2;
				TARGETED_DEVICE_FAMILY = "1,2";
			};
			name = Debug;
		};
		AF78218F2232CC6300DDEF72 /* Release */ = {
			isa = XCBuildConfiguration;
			buildSettings = {
				ASSETCATALOG_COMPILER_APPICON_NAME = AppIcon;
				CODE_SIGN_STYLE = Automatic;
				DEVELOPMENT_TEAM = 2779EQ3QB6;
				INFOPLIST_FILE = "$(SRCROOT)/Resources/Info.plist";
				LD_RUNPATH_SEARCH_PATHS = (
					"$(inherited)",
					"@executable_path/Frameworks",
				);
				PRODUCT_BUNDLE_IDENTIFIER = com.colinsmith.Notebook;
				PRODUCT_NAME = "$(TARGET_NAME)";
				SWIFT_VERSION = 4.2;
				TARGETED_DEVICE_FAMILY = "1,2";
			};
			name = Release;
		};
/* End XCBuildConfiguration section */

/* Begin XCConfigurationList section */
		AF7821762232CC6100DDEF72 /* Build configuration list for PBXProject "Notebook" */ = {
			isa = XCConfigurationList;
			buildConfigurations = (
				AF78218B2232CC6300DDEF72 /* Debug */,
				AF78218C2232CC6300DDEF72 /* Release */,
			);
			defaultConfigurationIsVisible = 0;
			defaultConfigurationName = Release;
		};
		AF78218D2232CC6300DDEF72 /* Build configuration list for PBXNativeTarget "Notebook" */ = {
			isa = XCConfigurationList;
			buildConfigurations = (
				AF78218E2232CC6300DDEF72 /* Debug */,
				AF78218F2232CC6300DDEF72 /* Release */,
			);
			defaultConfigurationIsVisible = 0;
			defaultConfigurationName = Release;
		};
/* End XCConfigurationList section */
	};
	rootObject = AF7821732232CC6100DDEF72 /* Project object */;
}
